
Microsoft Visual Studio Solution File, Format Version 12.00
# Visual Studio 2013
VisualStudioVersion = 12.0.21005.1
MinimumVisualStudioVersion = 10.0.40219.1
Project("{8BC9CEB8-8B4A-11D0-8D11-00A0C91BC942}") = "Physics Layer", "Physics Layer\Physics Layer.vcxproj", "{5869C086-B5DF-4DB0-9F4D-ED65E64EF468}"
EndProject
Project("{8BC9CEB8-8B4A-11D0-8D11-00A0C91BC942}") = "Math Layer", "Math Layer\Math Layer.vcxproj", "{39E8CEF2-79FB-4801-AE08-0E70FB4C87F8}"
EndProject
Global
	GlobalSection(SolutionConfigurationPlatforms) = preSolution
		Debug|Win32 = Debug|Win32
		Debug|x64 = Debug|x64
		Release - Fast FPU|Win32 = Release - Fast FPU|Win32
		Release - Fast FPU|x64 = Release - Fast FPU|x64
		Release|Win32 = Release|Win32
		Release|x64 = Release|x64
		SDL-Debug|Win32 = SDL-Debug|Win32
		SDL-Debug|x64 = SDL-Debug|x64
		Static lib - Debug|Win32 = Static lib - Debug|Win32
		Static lib - Debug|x64 = Static lib - Debug|x64
		Static lib - Release - Fast FPU|Win32 = Static lib - Release - Fast FPU|Win32
		Static lib - Release - Fast FPU|x64 = Static lib - Release - Fast FPU|x64
		Static lib - Release|Win32 = Static lib - Release|Win32
		Static lib - Release|x64 = Static lib - Release|x64
	EndGlobalSection
	GlobalSection(ProjectConfigurationPlatforms) = postSolution
		{5869C086-B5DF-4DB0-9F4D-ED65E64EF468}.Debug|Win32.ActiveCfg = Debug|Win32
		{5869C086-B5DF-4DB0-9F4D-ED65E64EF468}.Debug|Win32.Build.0 = Debug|Win32
		{5869C086-B5DF-4DB0-9F4D-ED65E64EF468}.Debug|x64.ActiveCfg = Debug|Win32
		{5869C086-B5DF-4DB0-9F4D-ED65E64EF468}.Release - Fast FPU|Win32.ActiveCfg = Release|Win32
		{5869C086-B5DF-4DB0-9F4D-ED65E64EF468}.Release - Fast FPU|Win32.Build.0 = Release|Win32
		{5869C086-B5DF-4DB0-9F4D-ED65E64EF468}.Release - Fast FPU|x64.ActiveCfg = Release|Win32
		{5869C086-B5DF-4DB0-9F4D-ED65E64EF468}.Release|Win32.ActiveCfg = Release|Win32
		{5869C086-B5DF-4DB0-9F4D-ED65E64EF468}.Release|Win32.Build.0 = Release|Win32
		{5869C086-B5DF-4DB0-9F4D-ED65E64EF468}.Release|x64.ActiveCfg = Release|Win32
		{5869C086-B5DF-4DB0-9F4D-ED65E64EF468}.SDL-Debug|Win32.ActiveCfg = Debug|Win32
		{5869C086-B5DF-4DB0-9F4D-ED65E64EF468}.SDL-Debug|Win32.Build.0 = Debug|Win32
		{5869C086-B5DF-4DB0-9F4D-ED65E64EF468}.SDL-Debug|x64.ActiveCfg = Debug|Win32
		{5869C086-B5DF-4DB0-9F4D-ED65E64EF468}.Static lib - Debug|Win32.ActiveCfg = Debug|Win32
		{5869C086-B5DF-4DB0-9F4D-ED65E64EF468}.Static lib - Debug|Win32.Build.0 = Debug|Win32
		{5869C086-B5DF-4DB0-9F4D-ED65E64EF468}.Static lib - Debug|x64.ActiveCfg = Debug|Win32
		{5869C086-B5DF-4DB0-9F4D-ED65E64EF468}.Static lib - Release - Fast FPU|Win32.ActiveCfg = Release|Win32
		{5869C086-B5DF-4DB0-9F4D-ED65E64EF468}.Static lib - Release - Fast FPU|Win32.Build.0 = Release|Win32
		{5869C086-B5DF-4DB0-9F4D-ED65E64EF468}.Static lib - Release - Fast FPU|x64.ActiveCfg = Release|Win32
		{5869C086-B5DF-4DB0-9F4D-ED65E64EF468}.Static lib - Release|Win32.ActiveCfg = Release|Win32
		{5869C086-B5DF-4DB0-9F4D-ED65E64EF468}.Static lib - Release|Win32.Build.0 = Release|Win32
		{5869C086-B5DF-4DB0-9F4D-ED65E64EF468}.Static lib - Release|x64.ActiveCfg = Release|Win32
		{39E8CEF2-79FB-4801-AE08-0E70FB4C87F8}.Debug|Win32.ActiveCfg = Debug|Win32
		{39E8CEF2-79FB-4801-AE08-0E70FB4C87F8}.Debug|Win32.Build.0 = Debug|Win32
		{39E8CEF2-79FB-4801-AE08-0E70FB4C87F8}.Debug|x64.ActiveCfg = Debug|Win32
		{39E8CEF2-79FB-4801-AE08-0E70FB4C87F8}.Release - Fast FPU|Win32.ActiveCfg = Release|Win32
		{39E8CEF2-79FB-4801-AE08-0E70FB4C87F8}.Release - Fast FPU|Win32.Build.0 = Release|Win32
		{39E8CEF2-79FB-4801-AE08-0E70FB4C87F8}.Release - Fast FPU|x64.ActiveCfg = Release|Win32
		{39E8CEF2-79FB-4801-AE08-0E70FB4C87F8}.Release|Win32.ActiveCfg = Release|Win32
		{39E8CEF2-79FB-4801-AE08-0E70FB4C87F8}.Release|Win32.Build.0 = Release|Win32
		{39E8CEF2-79FB-4801-AE08-0E70FB4C87F8}.Release|x64.ActiveCfg = Release|Win32
		{39E8CEF2-79FB-4801-AE08-0E70FB4C87F8}.SDL-Debug|Win32.ActiveCfg = Debug|Win32
		{39E8CEF2-79FB-4801-AE08-0E70FB4C87F8}.SDL-Debug|Win32.Build.0 = Debug|Win32
		{39E8CEF2-79FB-4801-AE08-0E70FB4C87F8}.SDL-Debug|x64.ActiveCfg = Debug|Win32
		{39E8CEF2-79FB-4801-AE08-0E70FB4C87F8}.Static lib - Debug|Win32.ActiveCfg = Debug|Win32
		{39E8CEF2-79FB-4801-AE08-0E70FB4C87F8}.Static lib - Debug|Win32.Build.0 = Debug|Win32
		{39E8CEF2-79FB-4801-AE08-0E70FB4C87F8}.Static lib - Debug|x64.ActiveCfg = Debug|Win32
		{39E8CEF2-79FB-4801-AE08-0E70FB4C87F8}.Static lib - Release - Fast FPU|Win32.ActiveCfg = Release|Win32
		{39E8CEF2-79FB-4801-AE08-0E70FB4C87F8}.Static lib - Release - Fast FPU|Win32.Build.0 = Release|Win32
		{39E8CEF2-79FB-4801-AE08-0E70FB4C87F8}.Static lib - Release - Fast FPU|x64.ActiveCfg = Release|Win32
		{39E8CEF2-79FB-4801-AE08-0E70FB4C87F8}.Static lib - Release|Win32.ActiveCfg = Release|Win32
		{39E8CEF2-79FB-4801-AE08-0E70FB4C87F8}.Static lib - Release|Win32.Build.0 = Release|Win32
		{39E8CEF2-79FB-4801-AE08-0E70FB4C87F8}.Static lib - Release|x64.ActiveCfg = Release|Win32
	EndGlobalSection
	GlobalSection(SolutionProperties) = preSolution
		HideSolutionNode = FALSE
	EndGlobalSection
EndGlobal
